
Microsoft Visual Studio Solution File, Format Version 11.00
# Visual Studio 2010
Project("{FAE04EC0-301F-11D3-BF4B-00C04F79EFBC}") = "WpfApplicationLuhn", "WpfApplicationLuhn\WpfApplicationLuhn.csproj", "{EBCEDD2A-3B21-478B-AD62-EB25BA600F14}"
EndProject
Project("{54435603-DBB4-11D2-8724-00A0C9A8B90C}") = "Setup1", "Setup1\Setup1.vdproj", "{33B49148-5931-4A95-B54E-15EE33CD65F1}"
EndProject
Global
	GlobalSection(SolutionConfigurationPlatforms) = preSolution
		Debug|x86 = Debug|x86
		Release|x86 = Release|x86
	EndGlobalSection
	GlobalSection(ProjectConfigurationPlatforms) = postSolution
		{EBCEDD2A-3B21-478B-AD62-EB25BA600F14}.Debug|x86.ActiveCfg = Debug|x86
		{EBCEDD2A-3B21-478B-AD62-EB25BA600F14}.Debug|x86.Build.0 = Debug|x86
		{EBCEDD2A-3B21-478B-AD62-EB25BA600F14}.Release|x86.ActiveCfg = Release|x86
		{EBCEDD2A-3B21-478B-AD62-EB25BA600F14}.Release|x86.Build.0 = Release|x86
		{33B49148-5931-4A95-B54E-15EE33CD65F1}.Debug|x86.ActiveCfg = Debug
		{33B49148-5931-4A95-B54E-15EE33CD65F1}.Release|x86.ActiveCfg = Release
	EndGlobalSection
	GlobalSection(SolutionProperties) = preSolution
		HideSolutionNode = FALSE
	EndGlobalSection
EndGlobal
